
Microsoft Visual Studio Solution File, Format Version 12.00
# Visual Studio Version 17
VisualStudioVersion = 17.0.31903.59
MinimumVisualStudioVersion = 10.0.40219.1
Project("{2150E333-8FDC-42A3-9474-1A3956D46DE8}") = "Core", "Core", "{FBF56CC3-7AE6-AD2D-3F14-7F97FD322CD6}"
EndProject
Project("{F184B08F-C81C-45F6-A57F-5ABD9991F28F}") = "KBot.Domain", "src\KBot.Domain\KBot.Domain.vbproj", "{3C0A7C62-754A-42ED-9625-7EEA731E8F61}"
EndProject
Project("{F184B08F-C81C-45F6-A57F-5ABD9991F28F}") = "KBot.Common", "src\KBot.Common\KBot.Common.vbproj", "{CA808489-EDD5-4C6A-BFC7-1C39C37AA204}"
EndProject
Project("{F184B08F-C81C-45F6-A57F-5ABD9991F28F}") = "KBot.Api", "src\KBot.Api\KBot.Api.vbproj", "{EE5FC5B6-4448-4754-B558-3DDA130181EE}"
EndProject
Project("{F184B08F-C81C-45F6-A57F-5ABD9991F28F}") = "KBot.LocalStore", "src\KBot.LocalStore\KBot.LocalStore.vbproj", "{00CC754B-2040-4AEC-A460-E00F6FBC0445}"
EndProject
Project("{2150E333-8FDC-42A3-9474-1A3956D46DE8}") = "UI", "UI", "{FA674B5A-3394-926C-2B1E-70E5B00E4A5C}"
EndProject
Project("{F184B08F-C81C-45F6-A57F-5ABD9991F28F}") = "KBot.Controls", "src\KBot.Controls\KBot.Controls.vbproj", "{41D5FE23-14C6-4359-A8F6-04188A82019B}"
EndProject
Project("{F184B08F-C81C-45F6-A57F-5ABD9991F28F}") = "KBot.Xfa", "src\KBot.Xfa\KBot.Xfa.vbproj", "{CD167314-846F-4953-B1F4-31C2D3EBD136}"
EndProject
Project("{2150E333-8FDC-42A3-9474-1A3956D46DE8}") = "Forexe", "Forexe", "{25397A3A-2255-1554-0F65-6B15FC497728}"
EndProject
Project("{F184B08F-C81C-45F6-A57F-5ABD9991F28F}") = "KBot.Forexe", "src\KBot.Forexe\KBot.Forexe.vbproj", "{DCE0C73F-18F7-4282-A88C-3D1C4EB0D87B}"
EndProject
Project("{F184B08F-C81C-45F6-A57F-5ABD9991F28F}") = "KBot.Forexe.Editor", "src\KBot.Forexe.Editor\KBot.Forexe.Editor.vbproj", "{1B3F927D-13B1-487B-B9FF-1C278FA3342F}"
EndProject
Project("{F184B08F-C81C-45F6-A57F-5ABD9991F28F}") = "KBot.App", "src\KBot.App\KBot.App.vbproj", "{FE7085D8-3E9B-45F8-88B2-0A37A0726A53}"
EndProject
Project("{2150E333-8FDC-42A3-9474-1A3956D46DE8}") = "Tests", "Tests", "{0AB3BF05-4346-4AA6-1389-037BE0695223}"
EndProject
Project("{F184B08F-C81C-45F6-A57F-5ABD9991F28F}") = "KBot.Domain.Tests", "tests\KBot.Domain.Tests\KBot.Domain.Tests.vbproj", "{A0C44F94-0330-4A8E-8584-71F106F2A91B}"
EndProject
Project("{F184B08F-C81C-45F6-A57F-5ABD9991F28F}") = "KBot.Common.Tests", "tests\KBot.Common.Tests\KBot.Common.Tests.vbproj", "{A5A73FFC-7F54-4965-BD7B-AF7788045042}"
EndProject
Project("{F184B08F-C81C-45F6-A57F-5ABD9991F28F}") = "KBot.Api.Tests", "tests\KBot.Api.Tests\KBot.Api.Tests.vbproj", "{31D47EDC-91DF-4991-AB47-8DB734639756}"
EndProject
Project("{F184B08F-C81C-45F6-A57F-5ABD9991F28F}") = "KBot.LocalStore.Tests", "tests\KBot.LocalStore.Tests\KBot.LocalStore.Tests.vbproj", "{4A408A99-B7A2-4A8A-89B8-D6C131B1F7D7}"
EndProject
Project("{2150E333-8FDC-42A3-9474-1A3956D46DE8}") = "Dev", "Dev", "{927EA651-2681-4AEB-E3A3-5C3CA4D22F3C}"
EndProject
Project("{F184B08F-C81C-45F6-A57F-5ABD9991F28F}") = "KBot.DevHarness", "src\KBot.DevHarness\KBot.DevHarness.vbproj", "{E49AB3E2-A718-4904-B71D-90C1F8E23102}"
EndProject
Global
	GlobalSection(SolutionConfigurationPlatforms) = preSolution
		Debug|Any CPU = Debug|Any CPU
		Debug|x64 = Debug|x64
		Debug|x86 = Debug|x86
		Release|Any CPU = Release|Any CPU
		Release|x64 = Release|x64
		Release|x86 = Release|x86
	EndGlobalSection
	GlobalSection(ProjectConfigurationPlatforms) = postSolution
		{3C0A7C62-754A-42ED-9625-7EEA731E8F61}.Debug|Any CPU.ActiveCfg = Debug|Any CPU
		{3C0A7C62-754A-42ED-9625-7EEA731E8F61}.Debug|Any CPU.Build.0 = Debug|Any CPU
		{3C0A7C62-754A-42ED-9625-7EEA731E8F61}.Debug|x64.ActiveCfg = Debug|Any CPU
		{3C0A7C62-754A-42ED-9625-7EEA731E8F61}.Debug|x64.Build.0 = Debug|Any CPU
		{3C0A7C62-754A-42ED-9625-7EEA731E8F61}.Debug|x86.ActiveCfg = Debug|Any CPU
		{3C0A7C62-754A-42ED-9625-7EEA731E8F61}.Debug|x86.Build.0 = Debug|Any CPU
		{3C0A7C62-754A-42ED-9625-7EEA731E8F61}.Release|Any CPU.ActiveCfg = Release|Any CPU
		{3C0A7C62-754A-42ED-9625-7EEA731E8F61}.Release|Any CPU.Build.0 = Release|Any CPU
		{3C0A7C62-754A-42ED-9625-7EEA731E8F61}.Release|x64.ActiveCfg = Release|Any CPU
		{3C0A7C62-754A-42ED-9625-7EEA731E8F61}.Release|x64.Build.0 = Release|Any CPU
		{3C0A7C62-754A-42ED-9625-7EEA731E8F61}.Release|x86.ActiveCfg = Release|Any CPU
		{3C0A7C62-754A-42ED-9625-7EEA731E8F61}.Release|x86.Build.0 = Release|Any CPU
		{CA808489-EDD5-4C6A-BFC7-1C39C37AA204}.Debug|Any CPU.ActiveCfg = Debug|Any CPU
		{CA808489-EDD5-4C6A-BFC7-1C39C37AA204}.Debug|Any CPU.Build.0 = Debug|Any CPU
		{CA808489-EDD5-4C6A-BFC7-1C39C37AA204}.Debug|x64.ActiveCfg = Debug|Any CPU
		{CA808489-EDD5-4C6A-BFC7-1C39C37AA204}.Debug|x64.Build.0 = Debug|Any CPU
		{CA808489-EDD5-4C6A-BFC7-1C39C37AA204}.Debug|x86.ActiveCfg = Debug|Any CPU
		{CA808489-EDD5-4C6A-BFC7-1C39C37AA204}.Debug|x86.Build.0 = Debug|Any CPU
		{CA808489-EDD5-4C6A-BFC7-1C39C37AA204}.Release|Any CPU.ActiveCfg = Release|Any CPU
		{CA808489-EDD5-4C6A-BFC7-1C39C37AA204}.Release|Any CPU.Build.0 = Release|Any CPU
		{CA808489-EDD5-4C6A-BFC7-1C39C37AA204}.Release|x64.ActiveCfg = Release|Any CPU
		{CA808489-EDD5-4C6A-BFC7-1C39C37AA204}.Release|x64.Build.0 = Release|Any CPU
		{CA808489-EDD5-4C6A-BFC7-1C39C37AA204}.Release|x86.ActiveCfg = Release|Any CPU
		{CA808489-EDD5-4C6A-BFC7-1C39C37AA204}.Release|x86.Build.0 = Release|Any CPU
		{EE5FC5B6-4448-4754-B558-3DDA130181EE}.Debug|Any CPU.ActiveCfg = Debug|Any CPU
		{EE5FC5B6-4448-4754-B558-3DDA130181EE}.Debug|Any CPU.Build.0 = Debug|Any CPU
		{EE5FC5B6-4448-4754-B558-3DDA130181EE}.Debug|x64.ActiveCfg = Debug|Any CPU
		{EE5FC5B6-4448-4754-B558-3DDA130181EE}.Debug|x64.Build.0 = Debug|Any CPU
		{EE5FC5B6-4448-4754-B558-3DDA130181EE}.Debug|x86.ActiveCfg = Debug|Any CPU
		{EE5FC5B6-4448-4754-B558-3DDA130181EE}.Debug|x86.Build.0 = Debug|Any CPU
		{EE5FC5B6-4448-4754-B558-3DDA130181EE}.Release|Any CPU.ActiveCfg = Release|Any CPU
		{EE5FC5B6-4448-4754-B558-3DDA130181EE}.Release|Any CPU.Build.0 = Release|Any CPU
		{EE5FC5B6-4448-4754-B558-3DDA130181EE}.Release|x64.ActiveCfg = Release|Any CPU
		{EE5FC5B6-4448-4754-B558-3DDA130181EE}.Release|x64.Build.0 = Release|Any CPU
		{EE5FC5B6-4448-4754-B558-3DDA130181EE}.Release|x86.ActiveCfg = Release|Any CPU
		{EE5FC5B6-4448-4754-B558-3DDA130181EE}.Release|x86.Build.0 = Release|Any CPU
		{00CC754B-2040-4AEC-A460-E00F6FBC0445}.Debug|Any CPU.ActiveCfg = Debug|Any CPU
		{00CC754B-2040-4AEC-A460-E00F6FBC0445}.Debug|Any CPU.Build.0 = Debug|Any CPU
		{00CC754B-2040-4AEC-A460-E00F6FBC0445}.Debug|x64.ActiveCfg = Debug|Any CPU
		{00CC754B-2040-4AEC-A460-E00F6FBC0445}.Debug|x64.Build.0 = Debug|Any CPU
		{00CC754B-2040-4AEC-A460-E00F6FBC0445}.Debug|x86.ActiveCfg = Debug|Any CPU
		{00CC754B-2040-4AEC-A460-E00F6FBC0445}.Debug|x86.Build.0 = Debug|Any CPU
		{00CC754B-2040-4AEC-A460-E00F6FBC0445}.Release|Any CPU.ActiveCfg = Release|Any CPU
		{00CC754B-2040-4AEC-A460-E00F6FBC0445}.Release|Any CPU.Build.0 = Release|Any CPU
		{00CC754B-2040-4AEC-A460-E00F6FBC0445}.Release|x64.ActiveCfg = Release|Any CPU
		{00CC754B-2040-4AEC-A460-E00F6FBC0445}.Release|x64.Build.0 = Release|Any CPU
		{00CC754B-2040-4AEC-A460-E00F6FBC0445}.Release|x86.ActiveCfg = Release|Any CPU
		{00CC754B-2040-4AEC-A460-E00F6FBC0445}.Release|x86.Build.0 = Release|Any CPU
		{41D5FE23-14C6-4359-A8F6-04188A82019B}.Debug|Any CPU.ActiveCfg = Debug|Any CPU
		{41D5FE23-14C6-4359-A8F6-04188A82019B}.Debug|Any CPU.Build.0 = Debug|Any CPU
		{41D5FE23-14C6-4359-A8F6-04188A82019B}.Debug|x64.ActiveCfg = Debug|Any CPU
		{41D5FE23-14C6-4359-A8F6-04188A82019B}.Debug|x64.Build.0 = Debug|Any CPU
		{41D5FE23-14C6-4359-A8F6-04188A82019B}.Debug|x86.ActiveCfg = Debug|Any CPU
		{41D5FE23-14C6-4359-A8F6-04188A82019B}.Debug|x86.Build.0 = Debug|Any CPU
		{41D5FE23-14C6-4359-A8F6-04188A82019B}.Release|Any CPU.ActiveCfg = Release|Any CPU
		{41D5FE23-14C6-4359-A8F6-04188A82019B}.Release|Any CPU.Build.0 = Release|Any CPU
		{41D5FE23-14C6-4359-A8F6-04188A82019B}.Release|x64.ActiveCfg = Release|Any CPU
		{41D5FE23-14C6-4359-A8F6-04188A82019B}.Release|x64.Build.0 = Release|Any CPU
		{41D5FE23-14C6-4359-A8F6-04188A82019B}.Release|x86.ActiveCfg = Release|Any CPU
		{41D5FE23-14C6-4359-A8F6-04188A82019B}.Release|x86.Build.0 = Release|Any CPU
		{CD167314-846F-4953-B1F4-31C2D3EBD136}.Debug|Any CPU.ActiveCfg = Debug|Any CPU
		{CD167314-846F-4953-B1F4-31C2D3EBD136}.Debug|Any CPU.Build.0 = Debug|Any CPU
		{CD167314-846F-4953-B1F4-31C2D3EBD136}.Debug|x64.ActiveCfg = Debug|Any CPU
		{CD167314-846F-4953-B1F4-31C2D3EBD136}.Debug|x64.Build.0 = Debug|Any CPU
		{CD167314-846F-4953-B1F4-31C2D3EBD136}.Debug|x86.ActiveCfg = Debug|Any CPU
		{CD167314-846F-4953-B1F4-31C2D3EBD136}.Debug|x86.Build.0 = Debug|Any CPU
		{CD167314-846F-4953-B1F4-31C2D3EBD136}.Release|Any CPU.ActiveCfg = Release|Any CPU
		{CD167314-846F-4953-B1F4-31C2D3EBD136}.Release|Any CPU.Build.0 = Release|Any CPU
		{CD167314-846F-4953-B1F4-31C2D3EBD136}.Release|x64.ActiveCfg = Release|Any CPU
		{CD167314-846F-4953-B1F4-31C2D3EBD136}.Release|x64.Build.0 = Release|Any CPU
		{CD167314-846F-4953-B1F4-31C2D3EBD136}.Release|x86.ActiveCfg = Release|Any CPU
		{CD167314-846F-4953-B1F4-31C2D3EBD136}.Release|x86.Build.0 = Release|Any CPU
		{DCE0C73F-18F7-4282-A88C-3D1C4EB0D87B}.Debug|Any CPU.ActiveCfg = Debug|Any CPU
		{DCE0C73F-18F7-4282-A88C-3D1C4EB0D87B}.Debug|Any CPU.Build.0 = Debug|Any CPU
		{DCE0C73F-18F7-4282-A88C-3D1C4EB0D87B}.Debug|x64.ActiveCfg = Debug|Any CPU
		{DCE0C73F-18F7-4282-A88C-3D1C4EB0D87B}.Debug|x64.Build.0 = Debug|Any CPU
		{DCE0C73F-18F7-4282-A88C-3D1C4EB0D87B}.Debug|x86.ActiveCfg = Debug|Any CPU
		{DCE0C73F-18F7-4282-A88C-3D1C4EB0D87B}.Debug|x86.Build.0 = Debug|Any CPU
		{DCE0C73F-18F7-4282-A88C-3D1C4EB0D87B}.Release|Any CPU.ActiveCfg = Release|Any CPU
		{DCE0C73F-18F7-4282-A88C-3D1C4EB0D87B}.Release|Any CPU.Build.0 = Release|Any CPU
		{DCE0C73F-18F7-4282-A88C-3D1C4EB0D87B}.Release|x64.ActiveCfg = Release|Any CPU
		{DCE0C73F-18F7-4282-A88C-3D1C4EB0D87B}.Release|x64.Build.0 = Release|Any CPU
		{DCE0C73F-18F7-4282-A88C-3D1C4EB0D87B}.Release|x86.ActiveCfg = Release|Any CPU
		{DCE0C73F-18F7-4282-A88C-3D1C4EB0D87B}.Release|x86.Build.0 = Release|Any CPU
		{1B3F927D-13B1-487B-B9FF-1C278FA3342F}.Debug|Any CPU.ActiveCfg = Debug|Any CPU
		{1B3F927D-13B1-487B-B9FF-1C278FA3342F}.Debug|Any CPU.Build.0 = Debug|Any CPU
		{1B3F927D-13B1-487B-B9FF-1C278FA3342F}.Debug|x64.ActiveCfg = Debug|Any CPU
		{1B3F927D-13B1-487B-B9FF-1C278FA3342F}.Debug|x64.Build.0 = Debug|Any CPU
		{1B3F927D-13B1-487B-B9FF-1C278FA3342F}.Debug|x86.ActiveCfg = Debug|Any CPU
		{1B3F927D-13B1-487B-B9FF-1C278FA3342F}.Debug|x86.Build.0 = Debug|Any CPU
		{1B3F927D-13B1-487B-B9FF-1C278FA3342F}.Release|Any CPU.ActiveCfg = Release|Any CPU
		{1B3F927D-13B1-487B-B9FF-1C278FA3342F}.Release|Any CPU.Build.0 = Release|Any CPU
		{1B3F927D-13B1-487B-B9FF-1C278FA3342F}.Release|x64.ActiveCfg = Release|Any CPU
		{1B3F927D-13B1-487B-B9FF-1C278FA3342F}.Release|x64.Build.0 = Release|Any CPU
		{1B3F927D-13B1-487B-B9FF-1C278FA3342F}.Release|x86.ActiveCfg = Release|Any CPU
		{1B3F927D-13B1-487B-B9FF-1C278FA3342F}.Release|x86.Build.0 = Release|Any CPU
		{FE7085D8-3E9B-45F8-88B2-0A37A0726A53}.Debug|Any CPU.ActiveCfg = Debug|Any CPU
		{FE7085D8-3E9B-45F8-88B2-0A37A0726A53}.Debug|Any CPU.Build.0 = Debug|Any CPU
		{FE7085D8-3E9B-45F8-88B2-0A37A0726A53}.Debug|x64.ActiveCfg = Debug|Any CPU
		{FE7085D8-3E9B-45F8-88B2-0A37A0726A53}.Debug|x64.Build.0 = Debug|Any CPU
		{FE7085D8-3E9B-45F8-88B2-0A37A0726A53}.Debug|x86.ActiveCfg = Debug|Any CPU
		{FE7085D8-3E9B-45F8-88B2-0A37A0726A53}.Debug|x86.Build.0 = Debug|Any CPU
		{FE7085D8-3E9B-45F8-88B2-0A37A0726A53}.Release|Any CPU.ActiveCfg = Release|Any CPU
		{FE7085D8-3E9B-45F8-88B2-0A37A0726A53}.Release|Any CPU.Build.0 = Release|Any CPU
		{FE7085D8-3E9B-45F8-88B2-0A37A0726A53}.Release|x64.ActiveCfg = Release|Any CPU
		{FE7085D8-3E9B-45F8-88B2-0A37A0726A53}.Release|x64.Build.0 = Release|Any CPU
		{FE7085D8-3E9B-45F8-88B2-0A37A0726A53}.Release|x86.ActiveCfg = Release|Any CPU
		{FE7085D8-3E9B-45F8-88B2-0A37A0726A53}.Release|x86.Build.0 = Release|Any CPU
		{A0C44F94-0330-4A8E-8584-71F106F2A91B}.Debug|Any CPU.ActiveCfg = Debug|Any CPU
		{A0C44F94-0330-4A8E-8584-71F106F2A91B}.Debug|Any CPU.Build.0 = Debug|Any CPU
		{A0C44F94-0330-4A8E-8584-71F106F2A91B}.Debug|x64.ActiveCfg = Debug|Any CPU
		{A0C44F94-0330-4A8E-8584-71F106F2A91B}.Debug|x64.Build.0 = Debug|Any CPU
		{A0C44F94-0330-4A8E-8584-71F106F2A91B}.Debug|x86.ActiveCfg = Debug|Any CPU
		{A0C44F94-0330-4A8E-8584-71F106F2A91B}.Debug|x86.Build.0 = Debug|Any CPU
		{A0C44F94-0330-4A8E-8584-71F106F2A91B}.Release|Any CPU.ActiveCfg = Release|Any CPU
		{A0C44F94-0330-4A8E-8584-71F106F2A91B}.Release|Any CPU.Build.0 = Release|Any CPU
		{A0C44F94-0330-4A8E-8584-71F106F2A91B}.Release|x64.ActiveCfg = Release|Any CPU
		{A0C44F94-0330-4A8E-8584-71F106F2A91B}.Release|x64.Build.0 = Release|Any CPU
		{A0C44F94-0330-4A8E-8584-71F106F2A91B}.Release|x86.ActiveCfg = Release|Any CPU
		{A0C44F94-0330-4A8E-8584-71F106F2A91B}.Release|x86.Build.0 = Release|Any CPU
		{A5A73FFC-7F54-4965-BD7B-AF7788045042}.Debug|Any CPU.ActiveCfg = Debug|Any CPU
		{A5A73FFC-7F54-4965-BD7B-AF7788045042}.Debug|Any CPU.Build.0 = Debug|Any CPU
		{A5A73FFC-7F54-4965-BD7B-AF7788045042}.Debug|x64.ActiveCfg = Debug|Any CPU
		{A5A73FFC-7F54-4965-BD7B-AF7788045042}.Debug|x64.Build.0 = Debug|Any CPU
		{A5A73FFC-7F54-4965-BD7B-AF7788045042}.Debug|x86.ActiveCfg = Debug|Any CPU
		{A5A73FFC-7F54-4965-BD7B-AF7788045042}.Debug|x86.Build.0 = Debug|Any CPU
		{A5A73FFC-7F54-4965-BD7B-AF7788045042}.Release|Any CPU.ActiveCfg = Release|Any CPU
		{A5A73FFC-7F54-4965-BD7B-AF7788045042}.Release|Any CPU.Build.0 = Release|Any CPU
		{A5A73FFC-7F54-4965-BD7B-AF7788045042}.Release|x64.ActiveCfg = Release|Any CPU
		{A5A73FFC-7F54-4965-BD7B-AF7788045042}.Release|x64.Build.0 = Release|Any CPU
		{A5A73FFC-7F54-4965-BD7B-AF7788045042}.Release|x86.ActiveCfg = Release|Any CPU
		{A5A73FFC-7F54-4965-BD7B-AF7788045042}.Release|x86.Build.0 = Release|Any CPU
		{31D47EDC-91DF-4991-AB47-8DB734639756}.Debug|Any CPU.ActiveCfg = Debug|Any CPU
		{31D47EDC-91DF-4991-AB47-8DB734639756}.Debug|Any CPU.Build.0 = Debug|Any CPU
		{31D47EDC-91DF-4991-AB47-8DB734639756}.Debug|x64.ActiveCfg = Debug|Any CPU
		{31D47EDC-91DF-4991-AB47-8DB734639756}.Debug|x64.Build.0 = Debug|Any CPU
		{31D47EDC-91DF-4991-AB47-8DB734639756}.Debug|x86.ActiveCfg = Debug|Any CPU
		{31D47EDC-91DF-4991-AB47-8DB734639756}.Debug|x86.Build.0 = Debug|Any CPU
		{31D47EDC-91DF-4991-AB47-8DB734639756}.Release|Any CPU.ActiveCfg = Release|Any CPU
		{31D47EDC-91DF-4991-AB47-8DB734639756}.Release|Any CPU.Build.0 = Release|Any CPU
		{31D47EDC-91DF-4991-AB47-8DB734639756}.Release|x64.ActiveCfg = Release|Any CPU
		{31D47EDC-91DF-4991-AB47-8DB734639756}.Release|x64.Build.0 = Release|Any CPU
		{31D47EDC-91DF-4991-AB47-8DB734639756}.Release|x86.ActiveCfg = Release|Any CPU
		{31D47EDC-91DF-4991-AB47-8DB734639756}.Release|x86.Build.0 = Release|Any CPU
		{4A408A99-B7A2-4A8A-89B8-D6C131B1F7D7}.Debug|Any CPU.ActiveCfg = Debug|Any CPU
		{4A408A99-B7A2-4A8A-89B8-D6C131B1F7D7}.Debug|Any CPU.Build.0 = Debug|Any CPU
		{4A408A99-B7A2-4A8A-89B8-D6C131B1F7D7}.Debug|x64.ActiveCfg = Debug|Any CPU
		{4A408A99-B7A2-4A8A-89B8-D6C131B1F7D7}.Debug|x64.Build.0 = Debug|Any CPU
		{4A408A99-B7A2-4A8A-89B8-D6C131B1F7D7}.Debug|x86.ActiveCfg = Debug|Any CPU
		{4A408A99-B7A2-4A8A-89B8-D6C131B1F7D7}.Debug|x86.Build.0 = Debug|Any CPU
		{4A408A99-B7A2-4A8A-89B8-D6C131B1F7D7}.Release|Any CPU.ActiveCfg = Release|Any CPU
		{4A408A99-B7A2-4A8A-89B8-D6C131B1F7D7}.Release|Any CPU.Build.0 = Release|Any CPU
		{4A408A99-B7A2-4A8A-89B8-D6C131B1F7D7}.Release|x64.ActiveCfg = Release|Any CPU
		{4A408A99-B7A2-4A8A-89B8-D6C131B1F7D7}.Release|x64.Build.0 = Release|Any CPU
		{4A408A99-B7A2-4A8A-89B8-D6C131B1F7D7}.Release|x86.ActiveCfg = Release|Any CPU
		{4A408A99-B7A2-4A8A-89B8-D6C131B1F7D7}.Release|x86.Build.0 = Release|Any CPU
		{E49AB3E2-A718-4904-B71D-90C1F8E23102}.Debug|Any CPU.ActiveCfg = Debug|Any CPU
		{E49AB3E2-A718-4904-B71D-90C1F8E23102}.Debug|Any CPU.Build.0 = Debug|Any CPU
		{E49AB3E2-A718-4904-B71D-90C1F8E23102}.Debug|x64.ActiveCfg = Debug|Any CPU
		{E49AB3E2-A718-4904-B71D-90C1F8E23102}.Debug|x64.Build.0 = Debug|Any CPU
		{E49AB3E2-A718-4904-B71D-90C1F8E23102}.Debug|x86.ActiveCfg = Debug|Any CPU
		{E49AB3E2-A718-4904-B71D-90C1F8E23102}.Debug|x86.Build.0 = Debug|Any CPU
		{E49AB3E2-A718-4904-B71D-90C1F8E23102}.Release|Any CPU.ActiveCfg = Release|Any CPU
		{E49AB3E2-A718-4904-B71D-90C1F8E23102}.Release|Any CPU.Build.0 = Release|Any CPU
		{E49AB3E2-A718-4904-B71D-90C1F8E23102}.Release|x64.ActiveCfg = Release|Any CPU
		{E49AB3E2-A718-4904-B71D-90C1F8E23102}.Release|x64.Build.0 = Release|Any CPU
		{E49AB3E2-A718-4904-B71D-90C1F8E23102}.Release|x86.ActiveCfg = Release|Any CPU
		{E49AB3E2-A718-4904-B71D-90C1F8E23102}.Release|x86.Build.0 = Release|Any CPU
	EndGlobalSection
	GlobalSection(SolutionProperties) = preSolution
		HideSolutionNode = FALSE
	EndGlobalSection
	GlobalSection(NestedProjects) = preSolution
		{3C0A7C62-754A-42ED-9625-7EEA731E8F61} = {FBF56CC3-7AE6-AD2D-3F14-7F97FD322CD6}
		{CA808489-EDD5-4C6A-BFC7-1C39C37AA204} = {FBF56CC3-7AE6-AD2D-3F14-7F97FD322CD6}
		{EE5FC5B6-4448-4754-B558-3DDA130181EE} = {FBF56CC3-7AE6-AD2D-3F14-7F97FD322CD6}
		{00CC754B-2040-4AEC-A460-E00F6FBC0445} = {FBF56CC3-7AE6-AD2D-3F14-7F97FD322CD6}
		{41D5FE23-14C6-4359-A8F6-04188A82019B} = {FA674B5A-3394-926C-2B1E-70E5B00E4A5C}
		{CD167314-846F-4953-B1F4-31C2D3EBD136} = {FA674B5A-3394-926C-2B1E-70E5B00E4A5C}
		{DCE0C73F-18F7-4282-A88C-3D1C4EB0D87B} = {25397A3A-2255-1554-0F65-6B15FC497728}
		{1B3F927D-13B1-487B-B9FF-1C278FA3342F} = {25397A3A-2255-1554-0F65-6B15FC497728}
		{A0C44F94-0330-4A8E-8584-71F106F2A91B} = {0AB3BF05-4346-4AA6-1389-037BE0695223}
		{A5A73FFC-7F54-4965-BD7B-AF7788045042} = {0AB3BF05-4346-4AA6-1389-037BE0695223}
		{31D47EDC-91DF-4991-AB47-8DB734639756} = {0AB3BF05-4346-4AA6-1389-037BE0695223}
		{4A408A99-B7A2-4A8A-89B8-D6C131B1F7D7} = {0AB3BF05-4346-4AA6-1389-037BE0695223}
		{E49AB3E2-A718-4904-B71D-90C1F8E23102} = {927EA651-2681-4AEB-E3A3-5C3CA4D22F3C}
	EndGlobalSection
EndGlobal
